
Microsoft Visual Studio Solution File, Format Version 12.00
# Visual Studio Version 17
VisualStudioVersion = 17.0.32112.339
MinimumVisualStudioVersion = 10.0.40219.1
Project("{9A19103F-16F7-4668-BE54-9A1E7A4F7556}") = "Temperature", "Temperature\Temperature.csproj", "{1E85FBCF-E442-4A9E-8A3F-F0AD58BC8062}"
EndProject
Project("{FAE04EC0-301F-11D3-BF4B-00C04F79EFBC}") = "TestTemperatureCalculate", "TestTemperatureCalculate\TestTemperatureCalculate.csproj", "{C8D2547F-978E-4F56-8F31-CCAB25A05746}"
EndProject
Global
	GlobalSection(SolutionConfigurationPlatforms) = preSolution
		Debug|Any CPU = Debug|Any CPU
		Release|Any CPU = Release|Any CPU
	EndGlobalSection
	GlobalSection(ProjectConfigurationPlatforms) = postSolution
		{1E85FBCF-E442-4A9E-8A3F-F0AD58BC8062}.Debug|Any CPU.ActiveCfg = Debug|Any CPU
		{1E85FBCF-E442-4A9E-8A3F-F0AD58BC8062}.Debug|Any CPU.Build.0 = Debug|Any CPU
		{1E85FBCF-E442-4A9E-8A3F-F0AD58BC8062}.Release|Any CPU.ActiveCfg = Release|Any CPU
		{1E85FBCF-E442-4A9E-8A3F-F0AD58BC8062}.Release|Any CPU.Build.0 = Release|Any CPU
		{C8D2547F-978E-4F56-8F31-CCAB25A05746}.Debug|Any CPU.ActiveCfg = Debug|Any CPU
		{C8D2547F-978E-4F56-8F31-CCAB25A05746}.Debug|Any CPU.Build.0 = Debug|Any CPU
		{C8D2547F-978E-4F56-8F31-CCAB25A05746}.Release|Any CPU.ActiveCfg = Release|Any CPU
		{C8D2547F-978E-4F56-8F31-CCAB25A05746}.Release|Any CPU.Build.0 = Release|Any CPU
	EndGlobalSection
	GlobalSection(SolutionProperties) = preSolution
		HideSolutionNode = FALSE
	EndGlobalSection
	GlobalSection(ExtensibilityGlobals) = postSolution
		SolutionGuid = {8F3B5965-356B-4F82-B3B1-3A5B2534B3EA}
	EndGlobalSection
EndGlobal
